// !$*UTF8*$!
{
	archiveVersion = 1;
	classes = {
	};
	objectVersion = 46;
	objects = {

/* Begin PBXBuildFile section */
		8F79B2C91BFBC04400F1B251 /* AppDelegate.swift in Sources */ = {isa = PBXBuildFile; fileRef = 8F79B2C81BFBC04400F1B251 /* AppDelegate.swift */; };
		8F79B2CB1BFBC04400F1B251 /* ViewController.swift in Sources */ = {isa = PBXBuildFile; fileRef = 8F79B2CA1BFBC04400F1B251 /* ViewController.swift */; };
		8F79B2CE1BFBC04400F1B251 /* Main.storyboard in Resources */ = {isa = PBXBuildFile; fileRef = 8F79B2CC1BFBC04400F1B251 /* Main.storyboard */; };
		8F79B2D01BFBC04400F1B251 /* Assets.xcassets in Resources */ = {isa = PBXBuildFile; fileRef = 8F79B2CF1BFBC04400F1B251 /* Assets.xcassets */; };
		8F79B2D31BFBC04400F1B251 /* LaunchScreen.storyboard in Resources */ = {isa = PBXBuildFile; fileRef = 8F79B2D11BFBC04400F1B251 /* LaunchScreen.storyboard */; };
/* End PBXBuildFile section */

/* Begin PBXFileReference section */
		8F79B2C51BFBC04400F1B251 /* AppsNevaShowcase.app */ = {isa = PBXFileReference; explicitFileType = wrapper.application; includeInIndex = 0; path = AppsNevaShowcase.app; sourceTree = BUILT_PRODUCTS_DIR; };
		8F79B2C81BFBC04400F1B251 /* AppDelegate.swift */ = {isa = PBXFileReference; lastKnownFileType = sourcecode.swift; path = AppDelegate.swift; sourceTree = "<group>"; };
		8F79B2CA1BFBC04400F1B251 /* ViewController.swift */ = {isa = PBXFileReference; lastKnownFileType = sourcecode.swift; path = ViewController.swift; sourceTree = "<group>"; };
		8F79B2CD1BFBC04400F1B251 /* Base */ = {isa = PBXFileReference; lastKnownFileType = file.storyboard; name = Base; path = Base.lproj/Main.storyboard; sourceTree = "<group>"; };
		8F79B2CF1BFBC04400F1B251 /* Assets.xcassets */ = {isa = PBXFileReference; lastKnownFileType = folder.assetcatalog; path = Assets.xcassets; sourceTree = "<group>"; };
		8F79B2D21BFBC04400F1B251 /* Base */ = {isa = PBXFileReference; lastKnownFileType = file.storyboard; name = Base; path = Base.lproj/LaunchScreen.storyboard; sourceTree = "<group>"; };
		8F79B2D41BFBC04400F1B251 /* Info.plist */ = {isa = PBXFileReference; lastKnownFileType = text.plist.xml; path = Info.plist; sourceTree = "<group>"; };
/* End PBXFileReference section */

/* Begin PBXFrameworksBuildPhase section */
		8F79B2C21BFBC04400F1B251 /* Frameworks */ = {
			isa = PBXFrameworksBuildPhase;
			buildActionMask = 2147483647;
			files = (
			);
			runOnlyForDeploymentPostprocessing = 0;
		};
/* End PBXFrameworksBuildPhase section */

/* Begin PBXGroup section */
		8F79B2BC1BFBC04400F1B251 = {
			isa = PBXGroup;
			children = (
				8F79B2C71BFBC04400F1B251 /* AppsNevaShowcase */,
				8F79B2C61BFBC04400F1B251 /* Products */,
			);
			sourceTree = "<group>";
		};
		8F79B2C61BFBC04400F1B251 /* Products */ = {
			isa = PBXGroup;
			children = (
				8F79B2C51BFBC04400F1B251 /* AppsNevaShowcase.app */,
			);
			name = Products;
			sourceTree = "<group>";
		};
		8F79B2C71BFBC04400F1B251 /* AppsNevaShowcase */ = {
			isa = PBXGroup;
			children = (
				8F79B2C81BFBC04400F1B251 /* AppDelegate.swift */,
				8F79B2CA1BFBC04400F1B251 /* ViewController.swift */,
				8F79B2CC1BFBC04400F1B251 /* Main.storyboard */,
				8F79B2CF1BFBC04400F1B251 /* Assets.xcassets */,
				8F79B2D11BFBC04400F1B251 /* LaunchScreen.storyboard */,
				8F79B2D41BFBC04400F1B251 /* Info.plist */,
			);
			path = AppsNevaShowcase;
			sourceTree = "<group>";
		};
/* End PBXGroup section */

/* Begin PBXNativeTarget section */
		8F79B2C41BFBC04400F1B251 /* AppsNevaShowcase */ = {
			isa = PBXNativeTarget;
			buildConfigurationList = 8F79B2D71BFBC04400F1B251 /* Build configuration list for PBXNativeTarget "AppsNevaShowcase" */;
			buildPhases = (
				8F79B2C11BFBC04400F1B251 /* Sources */,
				8F79B2C21BFBC04400F1B251 /* Frameworks */,
				8F79B2C31BFBC04400F1B251 /* Resources */,
			);
			buildRules = (
			);
			dependencies = (
			);
			name = AppsNevaShowcase;
			productName = AppsNevaShowcase;
			productReference = 8F79B2C51BFBC04400F1B251 /* AppsNevaShowcase.app */;
			productType = "com.apple.product-type.application";
		};
/* End PBXNativeTarget section */

/* Begin PBXProject section */
		8F79B2BD1BFBC04400F1B251 /* Project object */ = {
			isa = PBXProject;
			attributes = {
				LastSwiftUpdateCheck = 0710;
				LastUpgradeCheck = 0710;
				ORGANIZATIONNAME = "Jim Aven";
				TargetAttributes = {
					8F79B2C41BFBC04400F1B251 = {
						CreatedOnToolsVersion = 7.1.1;
					};
				};
			};
			buildConfigurationList = 8F79B2C01BFBC04400F1B251 /* Build configuration list for PBXProject "AppsNevaShowcase" */;
			compatibilityVersion = "Xcode 3.2";
			developmentRegion = English;
			hasScannedForEncodings = 0;
			knownRegions = (
				en,
				Base,
			);
			mainGroup = 8F79B2BC1BFBC04400F1B251;
			productRefGroup = 8F79B2C61BFBC04400F1B251 /* Products */;
			projectDirPath = "";
			projectRoot = "";
			targets = (
				8F79B2C41BFBC04400F1B251 /* AppsNevaShowcase */,
			);
		};
/* End PBXProject section */

/* Begin PBXResourcesBuildPhase section */
		8F79B2C31BFBC04400F1B251 /* Resources */ = {
			isa = PBXResourcesBuildPhase;
			buildActionMask = 2147483647;
			files = (
				8F79B2D31BFBC04400F1B251 /* LaunchScreen.storyboard in Resources */,
				8F79B2D01BFBC04400F1B251 /* Assets.xcassets in Resources */,
				8F79B2CE1BFBC04400F1B251 /* Main.storyboard in Resources */,
			);
			runOnlyForDeploymentPostprocessing = 0;
		};
/* End PBXResourcesBuildPhase section */

/* Begin PBXSourcesBuildPhase section */
		8F79B2C11BFBC04400F1B251 /* Sources */ = {
			isa = PBXSourcesBuildPhase;
			buildActionMask = 2147483647;
			files = (
				8F79B2CB1BFBC04400F1B251 /* ViewController.swift in Sources */,
				8F79B2C91BFBC04400F1B251 /* AppDelegate.swift in Sources */,
			);
			runOnlyForDeploymentPostprocessing = 0;
		};
/* End PBXSourcesBuildPhase section */

/* Begin PBXVariantGroup section */
		8F79B2CC1BFBC04400F1B251 /* Main.storyboard */ = {
			isa = PBXVariantGroup;
			children = (
				8F79B2CD1BFBC04400F1B251 /* Base */,
			);
			name = Main.storyboard;
			sourceTree = "<group>";
		};
		8F79B2D11BFBC04400F1B251 /* LaunchScreen.storyboard */ = {
			isa = PBXVariantGroup;
			children = (
				8F79B2D21BFBC04400F1B251 /* Base */,
			);
			name = LaunchScreen.storyboard;
			sourceTree = "<group>";
		};
/* End PBXVariantGroup section */

/* Begin XCBuildConfiguration section */
		8F79B2D51BFBC04400F1B251 /* Debug */ = {
			isa = XCBuildConfiguration;
			buildSettings = {
				ALWAYS_SEARCH_USER_PATHS = NO;
				CLANG_CXX_LANGUAGE_STANDARD = "gnu++0x";
				CLANG_CXX_LIBRARY = "libc++";
				CLANG_ENABLE_MODULES = YES;
				CLANG_ENABLE_OBJC_ARC = YES;
				CLANG_WARN_BOOL_CONVERSION = YES;
				CLANG_WARN_CONSTANT_CONVERSION = YES;
				CLANG_WARN_DIRECT_OBJC_ISA_USAGE = YES_ERROR;
				CLANG_WARN_EMPTY_BODY = YES;
				CLANG_WARN_ENUM_CONVERSION = YES;
				CLANG_WARN_INT_CONVERSION = YES;
				CLANG_WARN_OBJC_ROOT_CLASS = YES_ERROR;
				CLANG_WARN_UNREACHABLE_CODE = YES;
				CLANG_WARN__DUPLICATE_METHOD_MATCH = YES;
				"CODE_SIGN_IDENTITY[sdk=iphoneos*]" = "iPhone Developer";
				COPY_PHASE_STRIP = NO;
				DEBUG_INFORMATION_FORMAT = dwarf;
				ENABLE_STRICT_OBJC_MSGSEND = YES;
				ENABLE_TESTABILITY = YES;
				GCC_C_LANGUAGE_STANDARD = gnu99;
				GCC_DYNAMIC_NO_PIC = NO;
				GCC_NO_COMMON_BLOCKS = YES;
				GCC_OPTIMIZATION_LEVEL = 0;
				GCC_PREPROCESSOR_DEFINITIONS = (
					"DEBUG=1",
					"$(inherited)",
				);
				GCC_WARN_64_TO_32_BIT_CONVERSION = YES;
				GCC_WARN_ABOUT_RETURN_TYPE = YES_ERROR;
				GCC_WARN_UNDECLARED_SELECTOR = YES;
				GCC_WARN_UNINITIALIZED_AUTOS = YES_AGGRESSIVE;
				GCC_WARN_UNUSED_FUNCTION = YES;
				GCC_WARN_UNUSED_VARIABLE = YES;
				IPHONEOS_DEPLOYMENT_TARGET = 9.1;
				MTL_ENABLE_DEBUG_INFO = YES;
				ONLY_ACTIVE_ARCH = YES;
				SDKROOT = iphoneos;
				SWIFT_OPTIMIZATION_LEVEL = "-Onone";
				TARGETED_DEVICE_FAMILY = "1,2";
			};
			name = Debug;
		};
		8F79B2D61BFBC04400F1B251 /* Release */ = {
			isa = XCBuildConfiguration;
			buildSettings = {
				ALWAYS_SEARCH_USER_PATHS = NO;
				CLANG_CXX_LANGUAGE_STANDARD = "gnu++0x";
				CLANG_CXX_LIBRARY = "libc++";
				CLANG_ENABLE_MODULES = YES;
				CLANG_ENABLE_OBJC_ARC = YES;
				CLANG_WARN_BOOL_CONVERSION = YES;
				CLANG_WARN_CONSTANT_CONVERSION = YES;
				CLANG_WARN_DIRECT_OBJC_ISA_USAGE = YES_ERROR;
				CLANG_WARN_EMPTY_BODY = YES;
				CLANG_WARN_ENUM_CONVERSION = YES;
				CLANG_WARN_INT_CONVERSION = YES;
				CLANG_WARN_OBJC_ROOT_CLASS = YES_ERROR;
				CLANG_WARN_UNREACHABLE_CODE = YES;
				CLANG_WARN__DUPLICATE_METHOD_MATCH = YES;
				"CODE_SIGN_IDENTITY[sdk=iphoneos*]" = "iPhone Developer";
				COPY_PHASE_STRIP = NO;
				DEBUG_INFORMATION_FORMAT = "dwarf-with-dsym";
				ENABLE_NS_ASSERTIONS = NO;
				ENABLE_STRICT_OBJC_MSGSEND = YES;
				GCC_C_LANGUAGE_STANDARD = gnu99;
				GCC_NO_COMMON_BLOCKS = YES;
				GCC_WARN_64_TO_32_BIT_CONVERSION = YES;
				GCC_WARN_ABOUT_RETURN_TYPE = YES_ERROR;
				GCC_WARN_UNDECLARED_SELECTOR = YES;
				GCC_WARN_UNINITIALIZED_AUTOS = YES_AGGRESSIVE;
				GCC_WARN_UNUSED_FUNCTION = YES;
				GCC_WARN_UNUSED_VARIABLE = YES;
				IPHONEOS_DEPLOYMENT_TARGET = 9.1;
				MTL_ENABLE_DEBUG_INFO = NO;
				SDKROOT = iphoneos;
				TARGETED_DEVICE_FAMILY = "1,2";
				VALIDATE_PRODUCT = YES;
			};
			name = Release;
		};
		8F79B2D81BFBC04400F1B251 /* Debug */ = {
			isa = XCBuildConfiguration;
			buildSettings = {
				ASSETCATALOG_COMPILER_APPICON_NAME = AppIcon;
				INFOPLIST_FILE = AppsNevaShowcase/Info.plist;
				LD_RUNPATH_SEARCH_PATHS = "$(inherited) @executable_path/Frameworks";
				PRODUCT_BUNDLE_IDENTIFIER = com.neva.AppsNevaShowcase;
				PRODUCT_NAME = "$(TARGET_NAME)";
			};
			name = Debug;
		};
		8F79B2D91BFBC04400F1B251 /* Release */ = {
			isa = XCBuildConfiguration;
			buildSettings = {
				ASSETCATALOG_COMPILER_APPICON_NAME = AppIcon;
				INFOPLIST_FILE = AppsNevaShowcase/Info.plist;
				LD_RUNPATH_SEARCH_PATHS = "$(inherited) @executable_path/Frameworks";
				PRODUCT_BUNDLE_IDENTIFIER = com.neva.AppsNevaShowcase;
				PRODUCT_NAME = "$(TARGET_NAME)";
			};
			name = Release;
		};
/* End XCBuildConfiguration section */

/* Begin XCConfigurationList section */
		8F79B2C01BFBC04400F1B251 /* Build configuration list for PBXProject "AppsNevaShowcase" */ = {
			isa = XCConfigurationList;
			buildConfigurations = (
				8F79B2D51BFBC04400F1B251 /* Debug */,
				8F79B2D61BFBC04400F1B251 /* Release */,
			);
			defaultConfigurationIsVisible = 0;
			defaultConfigurationName = Release;
		};
		8F79B2D71BFBC04400F1B251 /* Build configuration list for PBXNativeTarget "AppsNevaShowcase" */ = {
			isa = XCConfigurationList;
			buildConfigurations = (
				8F79B2D81BFBC04400F1B251 /* Debug */,
				8F79B2D91BFBC04400F1B251 /* Release */,
			);
			defaultConfigurationIsVisible = 0;
		};
/* End XCConfigurationList section */
	};
	rootObject = 8F79B2BD1BFBC04400F1B251 /* Project object */;
}
